
Microsoft Visual Studio Solution File, Format Version 12.00
# Visual Studio Version 16
VisualStudioVersion = 16.0.30907.101
MinimumVisualStudioVersion = 10.0.40219.1
Project("{8BC9CEB8-8B4A-11D0-8D11-00A0C91BC942}") = "libnet", "libnet\libnet.vcxproj", "{77427D08-54F8-46F4-80E4-A147B852E1BF}"
EndProject
Project("{8BC9CEB8-8B4A-11D0-8D11-00A0C91BC942}") = "test", "test\test.vcxproj", "{FD2965E9-B722-48C3-BA2D-2869F4439E96}"
	ProjectSection(ProjectDependencies) = postProject
		{77427D08-54F8-46F4-80E4-A147B852E1BF} = {77427D08-54F8-46F4-80E4-A147B852E1BF}
	EndProjectSection
EndProject
Global
	GlobalSection(SolutionConfigurationPlatforms) = preSolution
		Debug|x64 = Debug|x64
		Debug|x86 = Debug|x86
		Release|x64 = Release|x64
		Release|x86 = Release|x86
	EndGlobalSection
	GlobalSection(ProjectConfigurationPlatforms) = postSolution
		{77427D08-54F8-46F4-80E4-A147B852E1BF}.Debug|x64.ActiveCfg = Debug|x64
		{77427D08-54F8-46F4-80E4-A147B852E1BF}.Debug|x64.Build.0 = Debug|x64
		{77427D08-54F8-46F4-80E4-A147B852E1BF}.Debug|x86.ActiveCfg = Debug|Win32
		{77427D08-54F8-46F4-80E4-A147B852E1BF}.Debug|x86.Build.0 = Debug|Win32
		{77427D08-54F8-46F4-80E4-A147B852E1BF}.Release|x64.ActiveCfg = Release|x64
		{77427D08-54F8-46F4-80E4-A147B852E1BF}.Release|x64.Build.0 = Release|x64
		{77427D08-54F8-46F4-80E4-A147B852E1BF}.Release|x86.ActiveCfg = Release|Win32
		{77427D08-54F8-46F4-80E4-A147B852E1BF}.Release|x86.Build.0 = Release|Win32
		{FD2965E9-B722-48C3-BA2D-2869F4439E96}.Debug|x64.ActiveCfg = Debug|x64
		{FD2965E9-B722-48C3-BA2D-2869F4439E96}.Debug|x64.Build.0 = Debug|x64
		{FD2965E9-B722-48C3-BA2D-2869F4439E96}.Debug|x86.ActiveCfg = Debug|Win32
		{FD2965E9-B722-48C3-BA2D-2869F4439E96}.Debug|x86.Build.0 = Debug|Win32
		{FD2965E9-B722-48C3-BA2D-2869F4439E96}.Release|x64.ActiveCfg = Release|x64
		{FD2965E9-B722-48C3-BA2D-2869F4439E96}.Release|x64.Build.0 = Release|x64
		{FD2965E9-B722-48C3-BA2D-2869F4439E96}.Release|x86.ActiveCfg = Release|Win32
		{FD2965E9-B722-48C3-BA2D-2869F4439E96}.Release|x86.Build.0 = Release|Win32
	EndGlobalSection
	GlobalSection(SolutionProperties) = preSolution
		HideSolutionNode = FALSE
	EndGlobalSection
	GlobalSection(ExtensibilityGlobals) = postSolution
		SolutionGuid = {53FE10D3-A4ED-4408-9F52-EBDDC375D457}
	EndGlobalSection
EndGlobal
